github.com/cespare/xxhash/v2 v2.2.0 h1:DC2CZ1Ep5Y4k3ZQ899DldepgrayRUGE6BBZ/cd9Cj44=
github.com/cespare/xxhash/v2 v2.2.0/go.mod h1:VGX0DQ3Q6kWi7AoAeZDth3/j3BFtOZR5XLFGgcrjCOs=
github.com/davecgh/go-spew v1.1.0/go.mod h1:J7Y8YcW2NihsgmVo/mv3lAwl/skON4iLHjSsI+c5H38=
github.com/dgryski/go-rendezvous v0.0.0-20200823014737-9f7001d12a5f h1:lO4WD4F/rVNCu3HqELle0jiPLLBs70cWOduZpkS1E78=
github.com/dgryski/go-rendezvous v0.0.0-20200823014737-9f7001d12a5f/go.mod h1:cuUVRXasLTGF7a8hSLbxyZXjz+1KgoB3wDUb6vlszIc=
github.com/go-jet/jet/v2 v2.12.0 h1:z2JfvBAZgsfxlQz6NXBYdZTXc7ep3jhbszTLtETv1JE=
github.com/go-jet/jet/v2 v2.12.0/go.mod h1:ufQVRQeI1mbcO5R8uCEVcVf3Foej9kReBdwDx7YMWUM=
github.com/go-logr/logr v1.2.2/go.mod h1:jdQByPbusPIv2/zmleS9BjJVeZ6kBagPoEUsqbVz/1A=
github.com/go-logr/logr v1.2.3/go.mod h1:jdQByPbusPIv2/zmleS9BjJVeZ6kBagPoEUsqbVz/1A=
github.com/go-logr/stdr v1.2.2/go.mod h1:mMo/vtBO5dYbehREoey6XUKy/eSumjCCveDpRre4VKE=
github.com/google/go-cmp v0.5.7/go.mod h1:n+brtR0CgQNWTVd5ZUFpTBC8YFBDLK/h/bpaJ8/DtOE=
github.com/gorilla/websocket v1.4.1 h1:q7AeDBpnBk8AogcD4DSag/Ukw/KV+YhzLj2bP5HvKCM=
github.com/gorilla/websocket v1.4.1/go.mod h1:YR8l580nyteQvAITg2hZ9XVh4b55+EU/adAjf1fMHhE=
github.com/graph-gophers/dataloader v5.0.0+incompatible/go.mod h1:jk4jk0c5ZISbKaMe8WsVopGB5/15GvGHMdMdPtwlRp4=
github.com/graph-gophers/graphql-go v1.5.0 h1:fDqblo50TEpD0LY7RXk/LFVYEVqo3+tXMNMPSVXA1yc=
github.com/graph-gophers/graphql-go v1.5.0/go.mod h1:YtmJZDLbF1YYNrlNAuiO5zAStUWc3XZT07iGsVqe1Os=
github.com/graph-gophers/graphql-go v1.5.1-0.20231220101041-a3a932cfa9a7 h1:NJbfdDcK+TBT1v9qQhPlhwMwLZpcpuxvptvWsGeIs9M=
github.com/graph-gophers/graphql-go v1.5.1-0.20231220101041-a3a932cfa9a7/go.mod h1:mVu5xmLns4x/D4XH7R6bepK2bMF4I4J1BBTum2VDbWU=
github.com/graph-gophers/graphql-transport-ws v0.0.2 h1:DbmSkbIGzj8SvHei6n8Mh9eLQin8PtA8xY9eCzjRpvo=
github.com/graph-gophers/graphql-transport-ws v0.0.2/go.mod h1:5BVKvFzOd2BalVIBFfnfmHjpJi/MZ5rOj8G55mXvZ8g=
github.com/joho/godotenv v1.5.1 h1:7eLL/+HRGLY0ldzfGMeQkb7vMd0as4CfYvUVzLqw0N0=
github.com/joho/godotenv v1.5.1/go.mod h1:f4LDr5Voq0i2e/R5DDNOoa2zzDfwtkZa6DnEwAbqwq4=
github.com/lib/pq v1.10.9 h1:YXG7RB+JIjhP29X+OtkiDnYaXQwpS4JEWq7dtCCRUEw=
github.com/lib/pq v1.10.9/go.mod h1:AlVN5x4E4T544tWzH6hKfbfQvm3HdbOxrmggDNAPY9o=
github.com/mununki/gqlmerge v0.2.15 h1:FAUpGWAuxEaWydQW38xKq9s0QBvwSaBgFoZPnUTCx4c=
github.com/mununki/gqlmerge v0.2.15/go.mod h1:tBZyVFSNU2Sb0tzU3rJTpRfPEmsxj5IYnBAjjL72RmI=
github.com/neo4j/neo4j-go-driver/v5 v5.27.0 h1:YdsIxDjAQbjlP/4Ha9B/gF8Y39UdgdTwCyihSxy8qTw=
github.com/neo4j/neo4j-go-driver/v5 v5.27.0/go.mod h1:Vff8OwT7QpLm7L2yYr85XNWe9Rbqlbeb9asNXJTHO4k=
github.com/opentracing/opentracing-go v1.2.0/go.mod h1:GxEUsuufX4nBwe+T+Wl9TAgYrxe9dPLANfrWvHYVTgc=
github.com/pmezard/go-difflib v1.0.0/go.mod h1:iKH77koFhYxTK1pcRnkKkqfTogsbg7gZNVY4sRDYZ/4=
github.com/rabbitmq/amqp091-go v1.10.0 h1:STpn5XsHlHGcecLmMFCtg7mqq0RnD+zFr4uzukfVhBw=
github.com/rabbitmq/amqp091-go v1.10.0/go.mod h1:Hy4jKW5kQART1u+JkDTF9YYOQUHXqMuhrgxOEeS7G4o=
github.com/redis/go-redis/v9 v9.7.0 h1:HhLSs+B6O021gwzl+locl0zEDnyNkxMtf/Z3NNBMa9E=
github.com/redis/go-redis/v9 v9.7.0/go.mod h1:f6zhXITC7JUJIlPEiBOTXxJgPLdZcA93GewI7inzyWw=
github.com/rs/cors v1.11.1 h1:eU3gRzXLRK57F5rKMGMZURNdIG4EoAmX8k94r9wXWHA=
github.com/rs/cors v1.11.1/go.mod h1:XyqrcTp5zjWr1wsJ8PIRZssZ8b/WMcMf71DJnit4EMU=
github.com/stretchr/objx v0.1.0/go.mod h1:HFkY916IF+rwdDfMAkV7OtwuqBVzrE8GR6GFx+wExME=
github.com/stretchr/testify v1.3.0/go.mod h1:M5WIy9Dh21IEIfnGCwXGc5bZfKNJtfHm1UVUgZn+9EI=
github.com/stretchr/testify v1.7.0/go.mod h1:6Fq8oRcR53rry900zMqJjRRixrwX3KX962/h/Wwjteg=
github.com/stretchr/testify v1.7.1/go.mod h1:6Fq8oRcR53rry900zMqJjRRixrwX3KX962/h/Wwjteg=
github.com/vektah/gqlparser/v2 v2.5.21 h1:Zw1rG2dr1pRR4wqwbVq4d6+xk2f4ut/yo+hwr4QjE08=
github.com/vektah/gqlparser/v2 v2.5.21/go.mod h1:xMl+ta8a5M1Yo1A1Iwt/k7gSpscwSnHZdw7tfhEGfTM=
go.opentelemetry.io/otel v1.6.3/go.mod h1:7BgNga5fNlF/iZjG06hM3yofffp0ofKCDwSXx1GC4dI=
go.opentelemetry.io/otel/trace v1.6.3/go.mod h1:GNJQusJlUgZl9/TQBPKU/Y/ty+0iVB5fjhKeJGZPGFs=
golang.org/x/xerrors v0.0.0-20191204190536-9bdfabe68543/go.mod h1:I/5z698sn9Ka8TeJc9MKroUUfqBBauWjQqLJ2OPfmY0=
gopkg.in/check.v1 v0.0.0-20161208181325-20d25e280405/go.mod h1:Co6ibVJAznAaIkqp8huTwlJQCZ016jof/cbN4VW5Yz0=
gopkg.in/yaml.v3 v3.0.0-20200313102051-9f266ea9e77c/go.mod h1:K4uyk7z7BCEPqu6E+C64Yfv1cQ7kz7rIZviUmN+EgEM=
